lockfileVersion: '6.0'

settings:
  autoInstallPeers: true
  excludeLinksFromLockfile: false

dependencies:
  escape-html:
    specifier: ^1.0.3
    version: 1.0.3

devDependencies:
  '@types/escape-html':
    specifier: ^1.0.4
    version: 1.0.4
  bun-types:
    specifier: latest
    version: 1.0.12

packages:

  /@types/escape-html@1.0.4:
    resolution: {integrity: sha512-qZ72SFTgUAZ5a7Tj6kf2SHLetiH5S6f8G5frB2SPQ3EyF02kxdyBFf4Tz4banE3xCgGnKgWLt//a6VuYHKYJTg==}
    dev: true

  /bun-types@1.0.12:
    resolution: {integrity: sha512-jGXEQ9pkp1kwdgYY6X6SPP5V4kxEGGZQaZMEKUVeJ7T1/XFyrAwL4AeaM4lSvjYqwsPXIDdKCFgw5M1KLoK4qw==}
    dev: true

  /escape-html@1.0.3:
    resolution: {integrity: sha512-NiSupZ4OeuGwr68lGIeym/ksIZMJodUGOSCZ/FSnTxcrekbvqrgdUxlJOMpijaKZVjAJrWrGs/6Jy8OMuyj9ow==}
    dev: false
